
Microsoft Visual Studio Solution File, Format Version 12.00
# Visual Studio 2013
VisualStudioVersion = 12.0.31101.0
MinimumVisualStudioVersion = 10.0.40219.1
Project("{FAE04EC0-301F-11D3-BF4B-00C04F79EFBC}") = "LanLordlAPIs", "LanLordlAPIs\LanLordlAPIs.csproj", "{5D2987AD-EA3D-4431-A5D0-5C794FF66F8D}"
EndProject
Global
	GlobalSection(SolutionConfigurationPlatforms) = preSolution
		Debug|Any CPU = Debug|Any CPU
		Release|Any CPU = Release|Any CPU
	EndGlobalSection
	GlobalSection(ProjectConfigurationPlatforms) = postSolution
		{5D2987AD-EA3D-4431-A5D0-5C794FF66F8D}.Debug|Any CPU.ActiveCfg = Debug|Any CPU
		{5D2987AD-EA3D-4431-A5D0-5C794FF66F8D}.Debug|Any CPU.Build.0 = Debug|Any CPU
		{5D2987AD-EA3D-4431-A5D0-5C794FF66F8D}.Release|Any CPU.ActiveCfg = Release|Any CPU
		{5D2987AD-EA3D-4431-A5D0-5C794FF66F8D}.Release|Any CPU.Build.0 = Release|Any CPU
	EndGlobalSection
	GlobalSection(SolutionProperties) = preSolution
		HideSolutionNode = FALSE
	EndGlobalSection
EndGlobal
